// !$*UTF8*$!
{
	archiveVersion = 1;
	classes = {
	};
	objectVersion = 46;
	objects = {

/* Begin PBXBuildFile section */
		1A0D62261CC957F000565C02 /* recursion.c in Sources */ = {isa = PBXBuildFile; fileRef = 1A0D62241CC957F000565C02 /* recursion.c */; };
		1A1468271CCE842E003729D5 /* memoryAllocate.c in Sources */ = {isa = PBXBuildFile; fileRef = 1A1468251CCE842E003729D5 /* memoryAllocate.c */; };
		1A14682A1CCFCD2E003729D5 /* dynamicArray.c in Sources */ = {isa = PBXBuildFile; fileRef = 1A1468281CCFCD2E003729D5 /* dynamicArray.c */; };
		1A14682E1CCFEB9E003729D5 /* mainCproject.c in Sources */ = {isa = PBXBuildFile; fileRef = 1A14682C1CCFEB9E003729D5 /* mainCproject.c */; };
		1A1468311CCFEC60003729D5 /* Assginment1.c in Sources */ = {isa = PBXBuildFile; fileRef = 1A14682F1CCFEC60003729D5 /* Assginment1.c */; };
		1A1468341CCFEC96003729D5 /* dynamicarrayExer.c in Sources */ = {isa = PBXBuildFile; fileRef = 1A1468321CCFEC96003729D5 /* dynamicarrayExer.c */; };
		1A1505091CB80EFE003AC3C3 /* checkThePrime.c in Sources */ = {isa = PBXBuildFile; fileRef = 1A1505071CB80EFE003AC3C3 /* checkThePrime.c */; };
		1A15050C1CB826EE003AC3C3 /* scopeExersice.c in Sources */ = {isa = PBXBuildFile; fileRef = 1A15050A1CB826EE003AC3C3 /* scopeExersice.c */; };
		1A15050F1CB8336E003AC3C3 /* arrayExersice.c in Sources */ = {isa = PBXBuildFile; fileRef = 1A15050D1CB8336E003AC3C3 /* arrayExersice.c */; };
		1A2358C51CBC076D002D227A /* AddingToArray.c in Sources */ = {isa = PBXBuildFile; fileRef = 1A2358C31CBC076D002D227A /* AddingToArray.c */; };
		1A2358C81CBC1D02002D227A /* checkTheLocationArray.c in Sources */ = {isa = PBXBuildFile; fileRef = 1A2358C61CBC1D02002D227A /* checkTheLocationArray.c */; };
		1A2358CB1CBC2861002D227A /* sortingArrays.c in Sources */ = {isa = PBXBuildFile; fileRef = 1A2358C91CBC2861002D227A /* sortingArrays.c */; };
		1A26BAC01CC936AB006A1898 /* pointerExercise.c in Sources */ = {isa = PBXBuildFile; fileRef = 1A26BABE1CC936AB006A1898 /* pointerExercise.c */; };
		1A3E11A81CB57F8700D16579 /* main.c in Sources */ = {isa = PBXBuildFile; fileRef = 1A3E11A71CB57F8700D16579 /* main.c */; };
		1A3E11AF1CB57FCD00D16579 /* assignment1.c in Sources */ = {isa = PBXBuildFile; fileRef = 1A3E11AE1CB57FCD00D16579 /* assignment1.c */; };
		1A3E11B31CB588EC00D16579 /* increment.c in Sources */ = {isa = PBXBuildFile; fileRef = 1A3E11B11CB588EC00D16579 /* increment.c */; };
		1A3E11B61CB58BC100D16579 /* whileRepetition.c in Sources */ = {isa = PBXBuildFile; fileRef = 1A3E11B41CB58BC100D16579 /* whileRepetition.c */; };
		1A3E11B91CB58C4200D16579 /* ifSentence.c in Sources */ = {isa = PBXBuildFile; fileRef = 1A3E11B71CB58C4200D16579 /* ifSentence.c */; };
		1A3E11BC1CB590F100D16579 /* counterControl.c in Sources */ = {isa = PBXBuildFile; fileRef = 1A3E11BA1CB590F100D16579 /* counterControl.c */; };
		1A3E11BF1CB59B6D00D16579 /* evenNumberOddNumber.c in Sources */ = {isa = PBXBuildFile; fileRef = 1A3E11BD1CB59B6D00D16579 /* evenNumberOddNumber.c */; };
		1A4282421CC692B1005C4CDC /* pointerArrayExercise.c in Sources */ = {isa = PBXBuildFile; fileRef = 1A4282401CC692B1005C4CDC /* pointerArrayExercise.c */; };
		1A4282451CC6B614005C4CDC /* Assingment2.c in Sources */ = {isa = PBXBuildFile; fileRef = 1A4282431CC6B614005C4CDC /* Assingment2.c */; };
		1A4282511CC81049005C4CDC /* strToDouble.c in Sources */ = {isa = PBXBuildFile; fileRef = 1A42824F1CC81049005C4CDC /* strToDouble.c */; };
		1A44308D1CD11EAB00726AFE /* dynamicArrayExer2.c in Sources */ = {isa = PBXBuildFile; fileRef = 1A44308B1CD11EAB00726AFE /* dynamicArrayExer2.c */; };
		1A4430901CD125B300726AFE /* Assignmet2_Project.c in Sources */ = {isa = PBXBuildFile; fileRef = 1A44308E1CD125B300726AFE /* Assignmet2_Project.c */; };
		1A4430931CD1277500726AFE /* structureExer.c in Sources */ = {isa = PBXBuildFile; fileRef = 1A4430911CD1277500726AFE /* structureExer.c */; };
		1A4EA4F21CBD62790060F2BB /* diementionalArray.c in Sources */ = {isa = PBXBuildFile; fileRef = 1A4EA4EE1CBD62790060F2BB /* diementionalArray.c */; };
		1A4EA4F31CBD62790060F2BB /* functionExersice2.c in Sources */ = {isa = PBXBuildFile; fileRef = 1A4EA4F01CBD62790060F2BB /* functionExersice2.c */; };
		1A4EA4F61CBD62B30060F2BB /* assignment1Array.c in Sources */ = {isa = PBXBuildFile; fileRef = 1A4EA4F41CBD62B30060F2BB /* assignment1Array.c */; };
		1A4EA4F91CBD76600060F2BB /* pointerBeginning.c in Sources */ = {isa = PBXBuildFile; fileRef = 1A4EA4F71CBD76600060F2BB /* pointerBeginning.c */; };
		1A4EA4FC1CBD7F160060F2BB /* pointerArrayLoop.c in Sources */ = {isa = PBXBuildFile; fileRef = 1A4EA4FA1CBD7F160060F2BB /* pointerArrayLoop.c */; };
		1A4EA4FF1CBEA96B0060F2BB /* midtermProject.c in Sources */ = {isa = PBXBuildFile; fileRef = 1A4EA4FD1CBEA96B0060F2BB /* midtermProject.c */; };
		1A97C3401CB6BFA900B4BA8F /* switchCase.c in Sources */ = {isa = PBXBuildFile; fileRef = 1A97C33E1CB6BFA900B4BA8F /* switchCase.c */; };
		1A97C3431CB6C82500B4BA8F /* doWhile.c in Sources */ = {isa = PBXBuildFile; fileRef = 1A97C3411CB6C82500B4BA8F /* doWhile.c */; };
		1A97C3461CB6CAF500B4BA8F /* loopBreak.c in Sources */ = {isa = PBXBuildFile; fileRef = 1A97C3441CB6CAF500B4BA8F /* loopBreak.c */; };
		1A97C3491CB6D2A700B4BA8F /* apr7exercise1.c in Sources */ = {isa = PBXBuildFile; fileRef = 1A97C3471CB6D2A700B4BA8F /* apr7exercise1.c */; };
		1A97C34C1CB6DEFA00B4BA8F /* functionbegining.c in Sources */ = {isa = PBXBuildFile; fileRef = 1A97C34A1CB6DEFA00B4BA8F /* functionbegining.c */; };
		1A97C34F1CB6E35800B4BA8F /* functionThreeNumberCompare.c in Sources */ = {isa = PBXBuildFile; fileRef = 1A97C34D1CB6E35800B4BA8F /* functionThreeNumberCompare.c */; };
		1ABFC4961CC53F30004E2DF8 /* pointerClass.c in Sources */ = {isa = PBXBuildFile; fileRef = 1ABFC4941CC53F30004E2DF8 /* pointerClass.c */; };
		1ABFC4991CC5594E004E2DF8 /* pointerFunction.c in Sources */ = {isa = PBXBuildFile; fileRef = 1ABFC4971CC5594E004E2DF8 /* pointerFunction.c */; };
		1ADB284C1CCA840800D7A203 /* finalExam.c in Sources */ = {isa = PBXBuildFile; fileRef = 1ADB284A1CCA840800D7A203 /* finalExam.c */; };
		1AE655471CC56E80004BF5C3 /* mainFirstHalf.c in Sources */ = {isa = PBXBuildFile; fileRef = 1AE655451CC56E80004BF5C3 /* mainFirstHalf.c */; };
		1AE6554B1CC56FA2004BF5C3 /* pointerFuncArray.c in Sources */ = {isa = PBXBuildFile; fileRef = 1AE655491CC56FA2004BF5C3 /* pointerFuncArray.c */; };
		1AE6554E1CC56FB3004BF5C3 /* mainSecondHalf.c in Sources */ = {isa = PBXBuildFile; fileRef = 1AE6554C1CC56FB3004BF5C3 /* mainSecondHalf.c */; };
		1AF9FCDE1CD2703700043CC8 /* structureExer2.c in Sources */ = {isa = PBXBuildFile; fileRef = 1AF9FCDC1CD2703700043CC8 /* structureExer2.c */; };
		1AF9FCE11CD2A06400043CC8 /* singlyLinkedList.c in Sources */ = {isa = PBXBuildFile; fileRef = 1AF9FCDF1CD2A06400043CC8 /* singlyLinkedList.c */; };
		1AF9FCE41CD3E79300043CC8 /* doublyLinkedList.c in Sources */ = {isa = PBXBuildFile; fileRef = 1AF9FCE21CD3E79300043CC8 /* doublyLinkedList.c */; };
/* End PBXBuildFile section */

/* Begin PBXCopyFilesBuildPhase section */
		1A3E11A21CB57F8700D16579 /* CopyFiles */ = {
			isa = PBXCopyFilesBuildPhase;
			buildActionMask = 2147483647;
			dstPath = /usr/share/man/man1/;
			dstSubfolderSpec = 0;
			files = (
			);
			runOnlyForDeploymentPostprocessing = 1;
		};
/* End PBXCopyFilesBuildPhase section */

/* Begin PBXFileReference section */
		1A0D62241CC957F000565C02 /* recursion.c */ = {isa = PBXFileReference; fileEncoding = 4; lastKnownFileType = sourcecode.c.c; path = recursion.c; sourceTree = "<group>"; };
		1A0D62251CC957F000565C02 /* recursion.h */ = {isa = PBXFileReference; fileEncoding = 4; lastKnownFileType = sourcecode.c.h; path = recursion.h; sourceTree = "<group>"; };
		1A1468251CCE842E003729D5 /* memoryAllocate.c */ = {isa = PBXFileReference; fileEncoding = 4; lastKnownFileType = sourcecode.c.c; path = memoryAllocate.c; sourceTree = "<group>"; };
		1A1468261CCE842E003729D5 /* memoryAllocate.h */ = {isa = PBXFileReference; fileEncoding = 4; lastKnownFileType = sourcecode.c.h; path = memoryAllocate.h; sourceTree = "<group>"; };
		1A1468281CCFCD2E003729D5 /* dynamicArray.c */ = {isa = PBXFileReference; fileEncoding = 4; lastKnownFileType = sourcecode.c.c; path = dynamicArray.c; sourceTree = "<group>"; };
		1A1468291CCFCD2E003729D5 /* dynamicArray.h */ = {isa = PBXFileReference; fileEncoding = 4; lastKnownFileType = sourcecode.c.h; path = dynamicArray.h; sourceTree = "<group>"; };
		1A14682C1CCFEB9E003729D5 /* mainCproject.c */ = {isa = PBXFileReference; fileEncoding = 4; lastKnownFileType = sourcecode.c.c; path = mainCproject.c; sourceTree = "<group>"; };
		1A14682D1CCFEB9E003729D5 /* mainCproject.h */ = {isa = PBXFileReference; fileEncoding = 4; lastKnownFileType = sourcecode.c.h; path = mainCproject.h; sourceTree = "<group>"; };
		1A14682F1CCFEC60003729D5 /* Assginment1.c */ = {isa = PBXFileReference; fileEncoding = 4; lastKnownFileType = sourcecode.c.c; path = Assginment1.c; sourceTree = "<group>"; };
		1A1468301CCFEC60003729D5 /* Assginment1.h */ = {isa = PBXFileReference; fileEncoding = 4; lastKnownFileType = sourcecode.c.h; path = Assginment1.h; sourceTree = "<group>"; };
		1A1468321CCFEC96003729D5 /* dynamicarrayExer.c */ = {isa = PBXFileReference; fileEncoding = 4; lastKnownFileType = sourcecode.c.c; path = dynamicarrayExer.c; sourceTree = "<group>"; };
		1A1468331CCFEC96003729D5 /* dynamicarrayExer.h */ = {isa = PBXFileReference; fileEncoding = 4; lastKnownFileType = sourcecode.c.h; path = dynamicarrayExer.h; sourceTree = "<group>"; };
		1A1505071CB80EFE003AC3C3 /* checkThePrime.c */ = {isa = PBXFileReference; fileEncoding = 4; lastKnownFileType = sourcecode.c.c; path = checkThePrime.c; sourceTree = "<group>"; };
		1A1505081CB80EFE003AC3C3 /* checkThePrime.h */ = {isa = PBXFileReference; fileEncoding = 4; lastKnownFileType = sourcecode.c.h; path = checkThePrime.h; sourceTree = "<group>"; };
		1A15050A1CB826EE003AC3C3 /* scopeExersice.c */ = {isa = PBXFileReference; fileEncoding = 4; lastKnownFileType = sourcecode.c.c; path = scopeExersice.c; sourceTree = "<group>"; };
		1A15050B1CB826EE003AC3C3 /* scopeExersice.h */ = {isa = PBXFileReference; fileEncoding = 4; lastKnownFileType = sourcecode.c.h; path = scopeExersice.h; sourceTree = "<group>"; };
		1A15050D1CB8336E003AC3C3 /* arrayExersice.c */ = {isa = PBXFileReference; fileEncoding = 4; lastKnownFileType = sourcecode.c.c; path = arrayExersice.c; sourceTree = "<group>"; };
		1A15050E1CB8336E003AC3C3 /* arrayExersice.h */ = {isa = PBXFileReference; fileEncoding = 4; lastKnownFileType = sourcecode.c.h; path = arrayExersice.h; sourceTree = "<group>"; };
		1A2358C31CBC076D002D227A /* AddingToArray.c */ = {isa = PBXFileReference; fileEncoding = 4; lastKnownFileType = sourcecode.c.c; path = AddingToArray.c; sourceTree = "<group>"; };
		1A2358C41CBC076D002D227A /* AddingToArray.h */ = {isa = PBXFileReference; fileEncoding = 4; lastKnownFileType = sourcecode.c.h; path = AddingToArray.h; sourceTree = "<group>"; };
		1A2358C61CBC1D02002D227A /* checkTheLocationArray.c */ = {isa = PBXFileReference; fileEncoding = 4; lastKnownFileType = sourcecode.c.c; path = checkTheLocationArray.c; sourceTree = "<group>"; };
		1A2358C71CBC1D02002D227A /* checkTheLocationArray.h */ = {isa = PBXFileReference; fileEncoding = 4; lastKnownFileType = sourcecode.c.h; path = checkTheLocationArray.h; sourceTree = "<group>"; };
		1A2358C91CBC2861002D227A /* sortingArrays.c */ = {isa = PBXFileReference; fileEncoding = 4; lastKnownFileType = sourcecode.c.c; path = sortingArrays.c; sourceTree = "<group>"; };
		1A2358CA1CBC2861002D227A /* sortingArrays.h */ = {isa = PBXFileReference; fileEncoding = 4; lastKnownFileType = sourcecode.c.h; path = sortingArrays.h; sourceTree = "<group>"; };
		1A26BABE1CC936AB006A1898 /* pointerExercise.c */ = {isa = PBXFileReference; fileEncoding = 4; lastKnownFileType = sourcecode.c.c; path = pointerExercise.c; sourceTree = "<group>"; };
		1A26BABF1CC936AB006A1898 /* pointerExercise.h */ = {isa = PBXFileReference; fileEncoding = 4; lastKnownFileType = sourcecode.c.h; path = pointerExercise.h; sourceTree = "<group>"; };
		1A3E11A41CB57F8700D16579 /* ITD_CProject */ = {isa = PBXFileReference; explicitFileType = "compiled.mach-o.executable"; includeInIndex = 0; path = ITD_CProject; sourceTree = BUILT_PRODUCTS_DIR; };
		1A3E11A71CB57F8700D16579 /* main.c */ = {isa = PBXFileReference; lastKnownFileType = sourcecode.c.c; path = main.c; sourceTree = "<group>"; };
		1A3E11AE1CB57FCD00D16579 /* assignment1.c */ = {isa = PBXFileReference; fileEncoding = 4; lastKnownFileType = sourcecode.c.c; path = assignment1.c; sourceTree = "<group>"; };
		1A3E11B01CB581C800D16579 /* assingment1.h */ = {isa = PBXFileReference; lastKnownFileType = sourcecode.c.h; path = assingment1.h; sourceTree = "<group>"; };
		1A3E11B11CB588EC00D16579 /* increment.c */ = {isa = PBXFileReference; fileEncoding = 4; lastKnownFileType = sourcecode.c.c; path = increment.c; sourceTree = "<group>"; };
		1A3E11B21CB588EC00D16579 /* increment.h */ = {isa = PBXFileReference; fileEncoding = 4; lastKnownFileType = sourcecode.c.h; path = increment.h; sourceTree = "<group>"; };
		1A3E11B41CB58BC100D16579 /* whileRepetition.c */ = {isa = PBXFileReference; fileEncoding = 4; lastKnownFileType = sourcecode.c.c; path = whileRepetition.c; sourceTree = "<group>"; };
		1A3E11B51CB58BC100D16579 /* whileRepetition.h */ = {isa = PBXFileReference; fileEncoding = 4; lastKnownFileType = sourcecode.c.h; path = whileRepetition.h; sourceTree = "<group>"; };
		1A3E11B71CB58C4200D16579 /* ifSentence.c */ = {isa = PBXFileReference; fileEncoding = 4; lastKnownFileType = sourcecode.c.c; path = ifSentence.c; sourceTree = "<group>"; };
		1A3E11B81CB58C4200D16579 /* ifSentence.h */ = {isa = PBXFileReference; fileEncoding = 4; lastKnownFileType = sourcecode.c.h; path = ifSentence.h; sourceTree = "<group>"; };
		1A3E11BA1CB590F100D16579 /* counterControl.c */ = {isa = PBXFileReference; fileEncoding = 4; lastKnownFileType = sourcecode.c.c; path = counterControl.c; sourceTree = "<group>"; };
		1A3E11BB1CB590F100D16579 /* counterControl.h */ = {isa = PBXFileReference; fileEncoding = 4; lastKnownFileType = sourcecode.c.h; path = counterControl.h; sourceTree = "<group>"; };
		1A3E11BD1CB59B6D00D16579 /* evenNumberOddNumber.c */ = {isa = PBXFileReference; fileEncoding = 4; lastKnownFileType = sourcecode.c.c; path = evenNumberOddNumber.c; sourceTree = "<group>"; };
		1A3E11BE1CB59B6D00D16579 /* evenNumberOddNumber.h */ = {isa = PBXFileReference; fileEncoding = 4; lastKnownFileType = sourcecode.c.h; path = evenNumberOddNumber.h; sourceTree = "<group>"; };
		1A4282401CC692B1005C4CDC /* pointerArrayExercise.c */ = {isa = PBXFileReference; fileEncoding = 4; lastKnownFileType = sourcecode.c.c; path = pointerArrayExercise.c; sourceTree = "<group>"; };
		1A4282411CC692B1005C4CDC /* pointerArrayExercise.h */ = {isa = PBXFileReference; fileEncoding = 4; lastKnownFileType = sourcecode.c.h; path = pointerArrayExercise.h; sourceTree = "<group>"; };
		1A4282431CC6B614005C4CDC /* Assingment2.c */ = {isa = PBXFileReference; fileEncoding = 4; lastKnownFileType = sourcecode.c.c; path = Assingment2.c; sourceTree = "<group>"; };
		1A4282441CC6B614005C4CDC /* Assingment2.h */ = {isa = PBXFileReference; fileEncoding = 4; lastKnownFileType = sourcecode.c.h; path = Assingment2.h; sourceTree = "<group>"; };
		1A42824F1CC81049005C4CDC /* strToDouble.c */ = {isa = PBXFileReference; fileEncoding = 4; lastKnownFileType = sourcecode.c.c; path = strToDouble.c; sourceTree = "<group>"; };
		1A4282501CC81049005C4CDC /* strToDouble.h */ = {isa = PBXFileReference; fileEncoding = 4; lastKnownFileType = sourcecode.c.h; path = strToDouble.h; sourceTree = "<group>"; };
		1A44308B1CD11EAB00726AFE /* dynamicArrayExer2.c */ = {isa = PBXFileReference; fileEncoding = 4; lastKnownFileType = sourcecode.c.c; path = dynamicArrayExer2.c; sourceTree = "<group>"; };
		1A44308C1CD11EAB00726AFE /* dynamicArrayExer2.h */ = {isa = PBXFileReference; fileEncoding = 4; lastKnownFileType = sourcecode.c.h; path = dynamicArrayExer2.h; sourceTree = "<group>"; };
		1A44308E1CD125B300726AFE /* Assignmet2_Project.c */ = {isa = PBXFileReference; fileEncoding = 4; lastKnownFileType = sourcecode.c.c; path = Assignmet2_Project.c; sourceTree = "<group>"; };
		1A44308F1CD125B300726AFE /* Assignmet2_Project.h */ = {isa = PBXFileReference; fileEncoding = 4; lastKnownFileType = sourcecode.c.h; path = Assignmet2_Project.h; sourceTree = "<group>"; };
		1A4430911CD1277500726AFE /* structureExer.c */ = {isa = PBXFileReference; fileEncoding = 4; lastKnownFileType = sourcecode.c.c; path = structureExer.c; sourceTree = "<group>"; };
		1A4430921CD1277500726AFE /* structureExer.h */ = {isa = PBXFileReference; fileEncoding = 4; lastKnownFileType = sourcecode.c.h; path = structureExer.h; sourceTree = "<group>"; };
		1A4EA4EE1CBD62790060F2BB /* diementionalArray.c */ = {isa = PBXFileReference; fileEncoding = 4; lastKnownFileType = sourcecode.c.c; path = diementionalArray.c; sourceTree = "<group>"; };
		1A4EA4EF1CBD62790060F2BB /* diementionalArray.h */ = {isa = PBXFileReference; fileEncoding = 4; lastKnownFileType = sourcecode.c.h; path = diementionalArray.h; sourceTree = "<group>"; };
		1A4EA4F01CBD62790060F2BB /* functionExersice2.c */ = {isa = PBXFileReference; fileEncoding = 4; lastKnownFileType = sourcecode.c.c; path = functionExersice2.c; sourceTree = "<group>"; };
		1A4EA4F11CBD62790060F2BB /* functionExersice2.h */ = {isa = PBXFileReference; fileEncoding = 4; lastKnownFileType = sourcecode.c.h; path = functionExersice2.h; sourceTree = "<group>"; };
		1A4EA4F41CBD62B30060F2BB /* assignment1Array.c */ = {isa = PBXFileReference; fileEncoding = 4; lastKnownFileType = sourcecode.c.c; path = assignment1Array.c; sourceTree = "<group>"; };
		1A4EA4F51CBD62B30060F2BB /* assignment1Array.h */ = {isa = PBXFileReference; fileEncoding = 4; lastKnownFileType = sourcecode.c.h; path = assignment1Array.h; sourceTree = "<group>"; };
		1A4EA4F71CBD76600060F2BB /* pointerBeginning.c */ = {isa = PBXFileReference; fileEncoding = 4; lastKnownFileType = sourcecode.c.c; path = pointerBeginning.c; sourceTree = "<group>"; };
		1A4EA4F81CBD76600060F2BB /* pointerBeginning.h */ = {isa = PBXFileReference; fileEncoding = 4; lastKnownFileType = sourcecode.c.h; path = pointerBeginning.h; sourceTree = "<group>"; };
		1A4EA4FA1CBD7F160060F2BB /* pointerArrayLoop.c */ = {isa = PBXFileReference; fileEncoding = 4; lastKnownFileType = sourcecode.c.c; path = pointerArrayLoop.c; sourceTree = "<group>"; };
		1A4EA4FB1CBD7F160060F2BB /* pointerArrayLoop.h */ = {isa = PBXFileReference; fileEncoding = 4; lastKnownFileType = sourcecode.c.h; path = pointerArrayLoop.h; sourceTree = "<group>"; };
		1A4EA4FD1CBEA96B0060F2BB /* midtermProject.c */ = {isa = PBXFileReference; fileEncoding = 4; lastKnownFileType = sourcecode.c.c; path = midtermProject.c; sourceTree = "<group>"; };
		1A4EA4FE1CBEA96B0060F2BB /* midtermProject.h */ = {isa = PBXFileReference; fileEncoding = 4; lastKnownFileType = sourcecode.c.h; path = midtermProject.h; sourceTree = "<group>"; };
		1A97C33E1CB6BFA900B4BA8F /* switchCase.c */ = {isa = PBXFileReference; fileEncoding = 4; lastKnownFileType = sourcecode.c.c; path = switchCase.c; sourceTree = "<group>"; };
		1A97C33F1CB6BFA900B4BA8F /* switchCase.h */ = {isa = PBXFileReference; fileEncoding = 4; lastKnownFileType = sourcecode.c.h; path = switchCase.h; sourceTree = "<group>"; };
		1A97C3411CB6C82500B4BA8F /* doWhile.c */ = {isa = PBXFileReference; fileEncoding = 4; lastKnownFileType = sourcecode.c.c; path = doWhile.c; sourceTree = "<group>"; };
		1A97C3421CB6C82500B4BA8F /* doWhile.h */ = {isa = PBXFileReference; fileEncoding = 4; lastKnownFileType = sourcecode.c.h; path = doWhile.h; sourceTree = "<group>"; };
		1A97C3441CB6CAF500B4BA8F /* loopBreak.c */ = {isa = PBXFileReference; fileEncoding = 4; lastKnownFileType = sourcecode.c.c; path = loopBreak.c; sourceTree = "<group>"; };
		1A97C3451CB6CAF500B4BA8F /* loopBreak.h */ = {isa = PBXFileReference; fileEncoding = 4; lastKnownFileType = sourcecode.c.h; path = loopBreak.h; sourceTree = "<group>"; };
		1A97C3471CB6D2A700B4BA8F /* apr7exercise1.c */ = {isa = PBXFileReference; fileEncoding = 4; lastKnownFileType = sourcecode.c.c; path = apr7exercise1.c; sourceTree = "<group>"; };
		1A97C3481CB6D2A700B4BA8F /* apr7exercise1.h */ = {isa = PBXFileReference; fileEncoding = 4; lastKnownFileType = sourcecode.c.h; path = apr7exercise1.h; sourceTree = "<group>"; };
		1A97C34A1CB6DEFA00B4BA8F /* functionbegining.c */ = {isa = PBXFileReference; fileEncoding = 4; lastKnownFileType = sourcecode.c.c; path = functionbegining.c; sourceTree = "<group>"; };
		1A97C34B1CB6DEFA00B4BA8F /* functionbegining.h */ = {isa = PBXFileReference; fileEncoding = 4; lastKnownFileType = sourcecode.c.h; path = functionbegining.h; sourceTree = "<group>"; };
		1A97C34D1CB6E35800B4BA8F /* functionThreeNumberCompare.c */ = {isa = PBXFileReference; fileEncoding = 4; lastKnownFileType = sourcecode.c.c; path = functionThreeNumberCompare.c; sourceTree = "<group>"; };
		1A97C34E1CB6E35800B4BA8F /* functionThreeNumberCompare.h */ = {isa = PBXFileReference; fileEncoding = 4; lastKnownFileType = sourcecode.c.h; path = functionThreeNumberCompare.h; sourceTree = "<group>"; };
		1ABFC4941CC53F30004E2DF8 /* pointerClass.c */ = {isa = PBXFileReference; fileEncoding = 4; lastKnownFileType = sourcecode.c.c; path = pointerClass.c; sourceTree = "<group>"; };
		1ABFC4951CC53F30004E2DF8 /* pointerClass.h */ = {isa = PBXFileReference; fileEncoding = 4; lastKnownFileType = sourcecode.c.h; path = pointerClass.h; sourceTree = "<group>"; };
		1ABFC4971CC5594E004E2DF8 /* pointerFunction.c */ = {isa = PBXFileReference; fileEncoding = 4; lastKnownFileType = sourcecode.c.c; path = pointerFunction.c; sourceTree = "<group>"; };
		1ABFC4981CC5594E004E2DF8 /* pointerFunction.h */ = {isa = PBXFileReference; fileEncoding = 4; lastKnownFileType = sourcecode.c.h; path = pointerFunction.h; sourceTree = "<group>"; };
		1ADB284A1CCA840800D7A203 /* finalExam.c */ = {isa = PBXFileReference; fileEncoding = 4; lastKnownFileType = sourcecode.c.c; path = finalExam.c; sourceTree = "<group>"; };
		1ADB284B1CCA840800D7A203 /* finalExam.h */ = {isa = PBXFileReference; fileEncoding = 4; lastKnownFileType = sourcecode.c.h; path = finalExam.h; sourceTree = "<group>"; };
		1AE655451CC56E80004BF5C3 /* mainFirstHalf.c */ = {isa = PBXFileReference; fileEncoding = 4; lastKnownFileType = sourcecode.c.c; path = mainFirstHalf.c; sourceTree = "<group>"; };
		1AE655461CC56E80004BF5C3 /* mainFirstHalf.h */ = {isa = PBXFileReference; fileEncoding = 4; lastKnownFileType = sourcecode.c.h; path = mainFirstHalf.h; sourceTree = "<group>"; };
		1AE655491CC56FA2004BF5C3 /* pointerFuncArray.c */ = {isa = PBXFileReference; fileEncoding = 4; lastKnownFileType = sourcecode.c.c; path = pointerFuncArray.c; sourceTree = "<group>"; };
		1AE6554A1CC56FA2004BF5C3 /* pointerFuncArray.h */ = {isa = PBXFileReference; fileEncoding = 4; lastKnownFileType = sourcecode.c.h; path = pointerFuncArray.h; sourceTree = "<group>"; };
		1AE6554C1CC56FB3004BF5C3 /* mainSecondHalf.c */ = {isa = PBXFileReference; fileEncoding = 4; lastKnownFileType = sourcecode.c.c; path = mainSecondHalf.c; sourceTree = "<group>"; };
		1AE6554D1CC56FB3004BF5C3 /* mainSecondHalf.h */ = {isa = PBXFileReference; fileEncoding = 4; lastKnownFileType = sourcecode.c.h; path = mainSecondHalf.h; sourceTree = "<group>"; };
		1AF9FCDC1CD2703700043CC8 /* structureExer2.c */ = {isa = PBXFileReference; fileEncoding = 4; lastKnownFileType = sourcecode.c.c; path = structureExer2.c; sourceTree = "<group>"; };
		1AF9FCDD1CD2703700043CC8 /* structureExer2.h */ = {isa = PBXFileReference; fileEncoding = 4; lastKnownFileType = sourcecode.c.h; path = structureExer2.h; sourceTree = "<group>"; };
		1AF9FCDF1CD2A06400043CC8 /* singlyLinkedList.c */ = {isa = PBXFileReference; fileEncoding = 4; lastKnownFileType = sourcecode.c.c; path = singlyLinkedList.c; sourceTree = "<group>"; };
		1AF9FCE01CD2A06400043CC8 /* singlyLinkedList.h */ = {isa = PBXFileReference; fileEncoding = 4; lastKnownFileType = sourcecode.c.h; path = singlyLinkedList.h; sourceTree = "<group>"; };
		1AF9FCE21CD3E79300043CC8 /* doublyLinkedList.c */ = {isa = PBXFileReference; fileEncoding = 4; lastKnownFileType = sourcecode.c.c; path = doublyLinkedList.c; sourceTree = "<group>"; };
		1AF9FCE31CD3E79300043CC8 /* doublyLinkedList.h */ = {isa = PBXFileReference; fileEncoding = 4; lastKnownFileType = sourcecode.c.h; path = doublyLinkedList.h; sourceTree = "<group>"; };
/* End PBXFileReference section */

/* Begin PBXFrameworksBuildPhase section */
		1A3E11A11CB57F8700D16579 /* Frameworks */ = {
			isa = PBXFrameworksBuildPhase;
			buildActionMask = 2147483647;
			files = (
			);
			runOnlyForDeploymentPostprocessing = 0;
		};
/* End PBXFrameworksBuildPhase section */

/* Begin PBXGroup section */
		1A14682B1CCFEB4D003729D5 /* CProject */ = {
			isa = PBXGroup;
			children = (
				1A14682F1CCFEC60003729D5 /* Assginment1.c */,
				1A1468301CCFEC60003729D5 /* Assginment1.h */,
				1A44308E1CD125B300726AFE /* Assignmet2_Project.c */,
				1A44308F1CD125B300726AFE /* Assignmet2_Project.h */,
				1A1468321CCFEC96003729D5 /* dynamicarrayExer.c */,
				1A1468331CCFEC96003729D5 /* dynamicarrayExer.h */,
				1A44308B1CD11EAB00726AFE /* dynamicArrayExer2.c */,
				1A44308C1CD11EAB00726AFE /* dynamicArrayExer2.h */,
				1A14682C1CCFEB9E003729D5 /* mainCproject.c */,
				1A14682D1CCFEB9E003729D5 /* mainCproject.h */,
				1AF9FCDF1CD2A06400043CC8 /* singlyLinkedList.c */,
				1AF9FCE21CD3E79300043CC8 /* doublyLinkedList.c */,
				1AF9FCE31CD3E79300043CC8 /* doublyLinkedList.h */,
				1AF9FCE01CD2A06400043CC8 /* singlyLinkedList.h */,
				1A4430911CD1277500726AFE /* structureExer.c */,
				1A4430921CD1277500726AFE /* structureExer.h */,
				1AF9FCDC1CD2703700043CC8 /* structureExer2.c */,
				1AF9FCDD1CD2703700043CC8 /* structureExer2.h */,
			);
			name = CProject;
			sourceTree = "<group>";
		};
		1A3E119B1CB57F8700D16579 = {
			isa = PBXGroup;
			children = (
				1A3E11A61CB57F8700D16579 /* ITD_CProject */,
				1A3E11A51CB57F8700D16579 /* Products */,
			);
			sourceTree = "<group>";
		};
		1A3E11A51CB57F8700D16579 /* Products */ = {
			isa = PBXGroup;
			children = (
				1A3E11A41CB57F8700D16579 /* ITD_CProject */,
			);
			name = Products;
			sourceTree = "<group>";
		};
		1A3E11A61CB57F8700D16579 /* ITD_CProject */ = {
			isa = PBXGroup;
			children = (
				1A3E11A71CB57F8700D16579 /* main.c */,
				1A14682B1CCFEB4D003729D5 /* CProject */,
				1ABFC49A1CC56D5E004E2DF8 /* FirstHalf */,
				1AE655481CC56F62004BF5C3 /* SecondHalf */,
			);
			path = ITD_CProject;
			sourceTree = "<group>";
		};
		1ABFC49A1CC56D5E004E2DF8 /* FirstHalf */ = {
			isa = PBXGroup;
			children = (
				1A4EA4EE1CBD62790060F2BB /* diementionalArray.c */,
				1A4EA4EF1CBD62790060F2BB /* diementionalArray.h */,
				1A4EA4F51CBD62B30060F2BB /* assignment1Array.h */,
				1A4EA4F41CBD62B30060F2BB /* assignment1Array.c */,
				1A4EA4FD1CBEA96B0060F2BB /* midtermProject.c */,
				1A4EA4FE1CBEA96B0060F2BB /* midtermProject.h */,
				1A4EA4FA1CBD7F160060F2BB /* pointerArrayLoop.c */,
				1A4EA4FB1CBD7F160060F2BB /* pointerArrayLoop.h */,
				1A4EA4F71CBD76600060F2BB /* pointerBeginning.c */,
				1A4EA4F81CBD76600060F2BB /* pointerBeginning.h */,
				1A4EA4F01CBD62790060F2BB /* functionExersice2.c */,
				1A4EA4F11CBD62790060F2BB /* functionExersice2.h */,
				1A97C34D1CB6E35800B4BA8F /* functionThreeNumberCompare.c */,
				1A97C34E1CB6E35800B4BA8F /* functionThreeNumberCompare.h */,
				1A97C34A1CB6DEFA00B4BA8F /* functionbegining.c */,
				1A97C34B1CB6DEFA00B4BA8F /* functionbegining.h */,
				1A97C3471CB6D2A700B4BA8F /* apr7exercise1.c */,
				1A97C3481CB6D2A700B4BA8F /* apr7exercise1.h */,
				1A97C3441CB6CAF500B4BA8F /* loopBreak.c */,
				1A97C3451CB6CAF500B4BA8F /* loopBreak.h */,
				1A97C3411CB6C82500B4BA8F /* doWhile.c */,
				1A97C3421CB6C82500B4BA8F /* doWhile.h */,
				1A97C33E1CB6BFA900B4BA8F /* switchCase.c */,
				1A97C33F1CB6BFA900B4BA8F /* switchCase.h */,
				1A2358C91CBC2861002D227A /* sortingArrays.c */,
				1A2358CA1CBC2861002D227A /* sortingArrays.h */,
				1A15050B1CB826EE003AC3C3 /* scopeExersice.h */,
				1A15050A1CB826EE003AC3C3 /* scopeExersice.c */,
				1A2358C41CBC076D002D227A /* AddingToArray.h */,
				1A2358C31CBC076D002D227A /* AddingToArray.c */,
				1A2358C71CBC1D02002D227A /* checkTheLocationArray.h */,
				1A2358C61CBC1D02002D227A /* checkTheLocationArray.c */,
				1A15050D1CB8336E003AC3C3 /* arrayExersice.c */,
				1A15050E1CB8336E003AC3C3 /* arrayExersice.h */,
				1A1505071CB80EFE003AC3C3 /* checkThePrime.c */,
				1A1505081CB80EFE003AC3C3 /* checkThePrime.h */,
				1A3E11BA1CB590F100D16579 /* counterControl.c */,
				1A3E11BB1CB590F100D16579 /* counterControl.h */,
				1A3E11BD1CB59B6D00D16579 /* evenNumberOddNumber.c */,
				1A3E11BE1CB59B6D00D16579 /* evenNumberOddNumber.h */,
				1A3E11B71CB58C4200D16579 /* ifSentence.c */,
				1A3E11B81CB58C4200D16579 /* ifSentence.h */,
				1A3E11B41CB58BC100D16579 /* whileRepetition.c */,
				1A3E11B51CB58BC100D16579 /* whileRepetition.h */,
				1A3E11AE1CB57FCD00D16579 /* assignment1.c */,
				1A3E11B01CB581C800D16579 /* assingment1.h */,
				1A3E11B11CB588EC00D16579 /* increment.c */,
				1A3E11B21CB588EC00D16579 /* increment.h */,
				1ABFC4941CC53F30004E2DF8 /* pointerClass.c */,
				1ABFC4971CC5594E004E2DF8 /* pointerFunction.c */,
				1ABFC4981CC5594E004E2DF8 /* pointerFunction.h */,
				1ABFC4951CC53F30004E2DF8 /* pointerClass.h */,
				1AE655451CC56E80004BF5C3 /* mainFirstHalf.c */,
				1AE655461CC56E80004BF5C3 /* mainFirstHalf.h */,
			);
			name = FirstHalf;
			sourceTree = "<group>";
		};
		1AE655481CC56F62004BF5C3 /* SecondHalf */ = {
			isa = PBXGroup;
			children = (
				1AE655491CC56FA2004BF5C3 /* pointerFuncArray.c */,
				1AE6554A1CC56FA2004BF5C3 /* pointerFuncArray.h */,
				1AE6554C1CC56FB3004BF5C3 /* mainSecondHalf.c */,
				1AE6554D1CC56FB3004BF5C3 /* mainSecondHalf.h */,
				1ADB284A1CCA840800D7A203 /* finalExam.c */,
				1A1468251CCE842E003729D5 /* memoryAllocate.c */,
				1A1468261CCE842E003729D5 /* memoryAllocate.h */,
				1ADB284B1CCA840800D7A203 /* finalExam.h */,
				1A4282401CC692B1005C4CDC /* pointerArrayExercise.c */,
				1A4282411CC692B1005C4CDC /* pointerArrayExercise.h */,
				1A4282431CC6B614005C4CDC /* Assingment2.c */,
				1A1468281CCFCD2E003729D5 /* dynamicArray.c */,
				1A1468291CCFCD2E003729D5 /* dynamicArray.h */,
				1A4282441CC6B614005C4CDC /* Assingment2.h */,
				1A26BABE1CC936AB006A1898 /* pointerExercise.c */,
				1A26BABF1CC936AB006A1898 /* pointerExercise.h */,
				1A0D62241CC957F000565C02 /* recursion.c */,
				1A0D62251CC957F000565C02 /* recursion.h */,
				1A42824F1CC81049005C4CDC /* strToDouble.c */,
				1A4282501CC81049005C4CDC /* strToDouble.h */,
			);
			name = SecondHalf;
			sourceTree = "<group>";
		};
/* End PBXGroup section */

/* Begin PBXNativeTarget section */
		1A3E11A31CB57F8700D16579 /* ITD_CProject */ = {
			isa = PBXNativeTarget;
			buildConfigurationList = 1A3E11AB1CB57F8700D16579 /* Build configuration list for PBXNativeTarget "ITD_CProject" */;
			buildPhases = (
				1A3E11A01CB57F8700D16579 /* Sources */,
				1A3E11A11CB57F8700D16579 /* Frameworks */,
				1A3E11A21CB57F8700D16579 /* CopyFiles */,
			);
			buildRules = (
			);
			dependencies = (
			);
			name = ITD_CProject;
			productName = ITD_CProject;
			productReference = 1A3E11A41CB57F8700D16579 /* ITD_CProject */;
			productType = "com.apple.product-type.tool";
		};
/* End PBXNativeTarget section */

/* Begin PBXProject section */
		1A3E119C1CB57F8700D16579 /* Project object */ = {
			isa = PBXProject;
			attributes = {
				LastUpgradeCheck = 0730;
				ORGANIZATIONNAME = Capotasto;
				TargetAttributes = {
					1A3E11A31CB57F8700D16579 = {
						CreatedOnToolsVersion = 7.3;
					};
				};
			};
			buildConfigurationList = 1A3E119F1CB57F8700D16579 /* Build configuration list for PBXProject "ITD_CProject" */;
			compatibilityVersion = "Xcode 3.2";
			developmentRegion = English;
			hasScannedForEncodings = 0;
			knownRegions = (
				en,
			);
			mainGroup = 1A3E119B1CB57F8700D16579;
			productRefGroup = 1A3E11A51CB57F8700D16579 /* Products */;
			projectDirPath = "";
			projectRoot = "";
			targets = (
				1A3E11A31CB57F8700D16579 /* ITD_CProject */,
			);
		};
/* End PBXProject section */

/* Begin PBXSourcesBuildPhase section */
		1A3E11A01CB57F8700D16579 /* Sources */ = {
			isa = PBXSourcesBuildPhase;
			buildActionMask = 2147483647;
			files = (
				1A4EA4F21CBD62790060F2BB /* diementionalArray.c in Sources */,
				1A3E11AF1CB57FCD00D16579 /* assignment1.c in Sources */,
				1A2358C51CBC076D002D227A /* AddingToArray.c in Sources */,
				1A3E11BF1CB59B6D00D16579 /* evenNumberOddNumber.c in Sources */,
				1A4282421CC692B1005C4CDC /* pointerArrayExercise.c in Sources */,
				1A4EA4F61CBD62B30060F2BB /* assignment1Array.c in Sources */,
				1A15050C1CB826EE003AC3C3 /* scopeExersice.c in Sources */,
				1A1468341CCFEC96003729D5 /* dynamicarrayExer.c in Sources */,
				1A3E11B31CB588EC00D16579 /* increment.c in Sources */,
				1A0D62261CC957F000565C02 /* recursion.c in Sources */,
				1A2358CB1CBC2861002D227A /* sortingArrays.c in Sources */,
				1A4282451CC6B614005C4CDC /* Assingment2.c in Sources */,
				1A4430901CD125B300726AFE /* Assignmet2_Project.c in Sources */,
				1A97C3401CB6BFA900B4BA8F /* switchCase.c in Sources */,
				1A3E11B61CB58BC100D16579 /* whileRepetition.c in Sources */,
				1AE6554B1CC56FA2004BF5C3 /* pointerFuncArray.c in Sources */,
				1ABFC4991CC5594E004E2DF8 /* pointerFunction.c in Sources */,
				1A4282511CC81049005C4CDC /* strToDouble.c in Sources */,
				1AF9FCE41CD3E79300043CC8 /* doublyLinkedList.c in Sources */,
				1ABFC4961CC53F30004E2DF8 /* pointerClass.c in Sources */,
				1AE655471CC56E80004BF5C3 /* mainFirstHalf.c in Sources */,
				1A15050F1CB8336E003AC3C3 /* arrayExersice.c in Sources */,
				1A4EA4F91CBD76600060F2BB /* pointerBeginning.c in Sources */,
				1A14682E1CCFEB9E003729D5 /* mainCproject.c in Sources */,
				1AF9FCDE1CD2703700043CC8 /* structureExer2.c in Sources */,
				1A1468271CCE842E003729D5 /* memoryAllocate.c in Sources */,
				1A97C3491CB6D2A700B4BA8F /* apr7exercise1.c in Sources */,
				1ADB284C1CCA840800D7A203 /* finalExam.c in Sources */,
				1A1468311CCFEC60003729D5 /* Assginment1.c in Sources */,
				1A14682A1CCFCD2E003729D5 /* dynamicArray.c in Sources */,
				1AE6554E1CC56FB3004BF5C3 /* mainSecondHalf.c in Sources */,
				1A97C3461CB6CAF500B4BA8F /* loopBreak.c in Sources */,
				1A3E11A81CB57F8700D16579 /* main.c in Sources */,
				1A44308D1CD11EAB00726AFE /* dynamicArrayExer2.c in Sources */,
				1A4EA4FF1CBEA96B0060F2BB /* midtermProject.c in Sources */,
				1A4430931CD1277500726AFE /* structureExer.c in Sources */,
				1A97C34C1CB6DEFA00B4BA8F /* functionbegining.c in Sources */,
				1A3E11BC1CB590F100D16579 /* counterControl.c in Sources */,
				1A97C3431CB6C82500B4BA8F /* doWhile.c in Sources */,
				1A26BAC01CC936AB006A1898 /* pointerExercise.c in Sources */,
				1A2358C81CBC1D02002D227A /* checkTheLocationArray.c in Sources */,
				1A3E11B91CB58C4200D16579 /* ifSentence.c in Sources */,
				1A1505091CB80EFE003AC3C3 /* checkThePrime.c in Sources */,
				1A4EA4FC1CBD7F160060F2BB /* pointerArrayLoop.c in Sources */,
				1A4EA4F31CBD62790060F2BB /* functionExersice2.c in Sources */,
				1AF9FCE11CD2A06400043CC8 /* singlyLinkedList.c in Sources */,
				1A97C34F1CB6E35800B4BA8F /* functionThreeNumberCompare.c in Sources */,
			);
			runOnlyForDeploymentPostprocessing = 0;
		};
/* End PBXSourcesBuildPhase section */

/* Begin XCBuildConfiguration section */
		1A3E11A91CB57F8700D16579 /* Debug */ = {
			isa = XCBuildConfiguration;
			buildSettings = {
				ALWAYS_SEARCH_USER_PATHS = NO;
				CLANG_ANALYZER_NONNULL = YES;
				CLANG_CXX_LANGUAGE_STANDARD = "gnu++0x";
				CLANG_CXX_LIBRARY = "libc++";
				CLANG_ENABLE_MODULES = YES;
				CLANG_ENABLE_OBJC_ARC = YES;
				CLANG_WARN_BOOL_CONVERSION = YES;
				CLANG_WARN_CONSTANT_CONVERSION = YES;
				CLANG_WARN_DIRECT_OBJC_ISA_USAGE = YES_ERROR;
				CLANG_WARN_EMPTY_BODY = YES;
				CLANG_WARN_ENUM_CONVERSION = YES;
				CLANG_WARN_INT_CONVERSION = YES;
				CLANG_WARN_OBJC_ROOT_CLASS = YES_ERROR;
				CLANG_WARN_UNREACHABLE_CODE = YES;
				CLANG_WARN__DUPLICATE_METHOD_MATCH = YES;
				CODE_SIGN_IDENTITY = "-";
				COPY_PHASE_STRIP = NO;
				DEBUG_INFORMATION_FORMAT = dwarf;
				ENABLE_STRICT_OBJC_MSGSEND = YES;
				ENABLE_TESTABILITY = YES;
				GCC_C_LANGUAGE_STANDARD = gnu99;
				GCC_DYNAMIC_NO_PIC = NO;
				GCC_NO_COMMON_BLOCKS = YES;
				GCC_OPTIMIZATION_LEVEL = 0;
				GCC_PREPROCESSOR_DEFINITIONS = (
					"DEBUG=1",
					"$(inherited)",
				);
				GCC_WARN_64_TO_32_BIT_CONVERSION = YES;
				GCC_WARN_ABOUT_RETURN_TYPE = YES_ERROR;
				GCC_WARN_UNDECLARED_SELECTOR = YES;
				GCC_WARN_UNINITIALIZED_AUTOS = YES_AGGRESSIVE;
				GCC_WARN_UNUSED_FUNCTION = YES;
				GCC_WARN_UNUSED_VARIABLE = YES;
				MACOSX_DEPLOYMENT_TARGET = 10.11;
				MTL_ENABLE_DEBUG_INFO = YES;
				ONLY_ACTIVE_ARCH = YES;
				SDKROOT = macosx;
			};
			name = Debug;
		};
		1A3E11AA1CB57F8700D16579 /* Release */ = {
			isa = XCBuildConfiguration;
			buildSettings = {
				ALWAYS_SEARCH_USER_PATHS = NO;
				CLANG_ANALYZER_NONNULL = YES;
				CLANG_CXX_LANGUAGE_STANDARD = "gnu++0x";
				CLANG_CXX_LIBRARY = "libc++";
				CLANG_ENABLE_MODULES = YES;
				CLANG_ENABLE_OBJC_ARC = YES;
				CLANG_WARN_BOOL_CONVERSION = YES;
				CLANG_WARN_CONSTANT_CONVERSION = YES;
				CLANG_WARN_DIRECT_OBJC_ISA_USAGE = YES_ERROR;
				CLANG_WARN_EMPTY_BODY = YES;
				CLANG_WARN_ENUM_CONVERSION = YES;
				CLANG_WARN_INT_CONVERSION = YES;
				CLANG_WARN_OBJC_ROOT_CLASS = YES_ERROR;
				CLANG_WARN_UNREACHABLE_CODE = YES;
				CLANG_WARN__DUPLICATE_METHOD_MATCH = YES;
				CODE_SIGN_IDENTITY = "-";
				COPY_PHASE_STRIP = NO;
				DEBUG_INFORMATION_FORMAT = "dwarf-with-dsym";
				ENABLE_NS_ASSERTIONS = NO;
				ENABLE_STRICT_OBJC_MSGSEND = YES;
				GCC_C_LANGUAGE_STANDARD = gnu99;
				GCC_NO_COMMON_BLOCKS = YES;
				GCC_WARN_64_TO_32_BIT_CONVERSION = YES;
				GCC_WARN_ABOUT_RETURN_TYPE = YES_ERROR;
				GCC_WARN_UNDECLARED_SELECTOR = YES;
				GCC_WARN_UNINITIALIZED_AUTOS = YES_AGGRESSIVE;
				GCC_WARN_UNUSED_FUNCTION = YES;
				GCC_WARN_UNUSED_VARIABLE = YES;
				MACOSX_DEPLOYMENT_TARGET = 10.11;
				MTL_ENABLE_DEBUG_INFO = NO;
				SDKROOT = macosx;
			};
			name = Release;
		};
		1A3E11AC1CB57F8700D16579 /* Debug */ = {
			isa = XCBuildConfiguration;
			buildSettings = {
				PRODUCT_NAME = "$(TARGET_NAME)";
			};
			name = Debug;
		};
		1A3E11AD1CB57F8700D16579 /* Release */ = {
			isa = XCBuildConfiguration;
			buildSettings = {
				PRODUCT_NAME = "$(TARGET_NAME)";
			};
			name = Release;
		};
/* End XCBuildConfiguration section */

/* Begin XCConfigurationList section */
		1A3E119F1CB57F8700D16579 /* Build configuration list for PBXProject "ITD_CProject" */ = {
			isa = XCConfigurationList;
			buildConfigurations = (
				1A3E11A91CB57F8700D16579 /* Debug */,
				1A3E11AA1CB57F8700D16579 /* Release */,
			);
			defaultConfigurationIsVisible = 0;
			defaultConfigurationName = Release;
		};
		1A3E11AB1CB57F8700D16579 /* Build configuration list for PBXNativeTarget "ITD_CProject" */ = {
			isa = XCConfigurationList;
			buildConfigurations = (
				1A3E11AC1CB57F8700D16579 /* Debug */,
				1A3E11AD1CB57F8700D16579 /* Release */,
			);
			defaultConfigurationIsVisible = 0;
			defaultConfigurationName = Release;
		};
/* End XCConfigurationList section */
	};
	rootObject = 1A3E119C1CB57F8700D16579 /* Project object */;
}
